# THIS IS AN AUTOGENERATED FILE. DO NOT EDIT THIS FILE DIRECTLY.
# yarn lockfile v1


"@sanctucompu/basement@^1.1.0":
  version "1.1.0"
  resolved "https://registry.yarnpkg.com/@sanctucompu/basement/-/basement-1.1.0.tgz#abb787096744d583583cddf8d641c29c9963dc85"
  integrity sha512-l6wtsx0WYg0l+h9d9/t1txrcfLY/KZcPfOvcsQiD8ClWxavJVwADnsbstdg5CMmkT0p0/XNU/7J29msYeRuebg==
